
Microsoft Visual Studio Solution File, Format Version 12.00
# Visual Studio 2012
Project("{E24C65DC-7377-472B-9ABA-BC803B73C61A}") = "mis333kproject", ".", "{7389BAF2-7BC9-4AD6-BDD4-815E71CA0F09}"
	ProjectSection(WebsiteProperties) = preProject
		TargetFrameworkMoniker = ".NETFramework,Version%3Dv4.0"
		Debug.AspNetCompiler.VirtualPath = "/mis333kproject"
		Debug.AspNetCompiler.PhysicalPath = "..\mis333kproject\"
		Debug.AspNetCompiler.TargetPath = "PrecompiledWeb\mis333kproject\"
		Debug.AspNetCompiler.Updateable = "true"
		Debug.AspNetCompiler.ForceOverwrite = "true"
		Debug.AspNetCompiler.FixedNames = "false"
		Debug.AspNetCompiler.Debug = "True"
		Release.AspNetCompiler.VirtualPath = "/mis333kproject"
		Release.AspNetCompiler.PhysicalPath = "..\mis333kproject\"
		Release.AspNetCompiler.TargetPath = "PrecompiledWeb\mis333kproject\"
		Release.AspNetCompiler.Updateable = "true"
		Release.AspNetCompiler.ForceOverwrite = "true"
		Release.AspNetCompiler.FixedNames = "false"
		Release.AspNetCompiler.Debug = "False"
		VWDPort = "1400"
	EndProjectSection
EndProject
Global
	GlobalSection(SolutionConfigurationPlatforms) = preSolution
		Debug|Any CPU = Debug|Any CPU
	EndGlobalSection
	GlobalSection(ProjectConfigurationPlatforms) = postSolution
		{7389BAF2-7BC9-4AD6-BDD4-815E71CA0F09}.Debug|Any CPU.ActiveCfg = Debug|Any CPU
		{7389BAF2-7BC9-4AD6-BDD4-815E71CA0F09}.Debug|Any CPU.Build.0 = Debug|Any CPU
	EndGlobalSection
	GlobalSection(SolutionProperties) = preSolution
		HideSolutionNode = FALSE
	EndGlobalSection
EndGlobal
