
Microsoft Visual Studio Solution File, Format Version 12.00
# Visual Studio 2012
Project("{E24C65DC-7377-472B-9ABA-BC803B73C61A}") = "ProjectWebFiles", "http://classweb2.mccombs.utexas.edu/mis333k/msbcf678/ProjectWebFiles", "{17AEF7DF-A013-4ADD-A108-7566269F5751}"
	ProjectSection(WebsiteProperties) = preProject
		Frontpage = "true"
		UseIISExpress = "false"
		TargetFrameworkMoniker = ".NETFramework,Version%3Dv4.0"
		Debug.AspNetCompiler.VirtualPath = "/ProjectWebFiles"
		Debug.AspNetCompiler.PhysicalPath = "C:\Users\msbcf678\AppData\Local\Temp\VWDWebCache\classweb2.mccombs.utexas.edu_mis333k_msbcf678_ProjectWebFiles\"
		Debug.AspNetCompiler.TargetPath = "PrecompiledWeb\ProjectWebFiles\"
		Debug.AspNetCompiler.Updateable = "true"
		Debug.AspNetCompiler.ForceOverwrite = "true"
		Debug.AspNetCompiler.FixedNames = "false"
		Debug.AspNetCompiler.Debug = "True"
		Release.AspNetCompiler.VirtualPath = "/ProjectWebFiles"
		Release.AspNetCompiler.PhysicalPath = "C:\Users\msbcf678\AppData\Local\Temp\VWDWebCache\classweb2.mccombs.utexas.edu_mis333k_msbcf678_ProjectWebFiles\"
		Release.AspNetCompiler.TargetPath = "PrecompiledWeb\ProjectWebFiles\"
		Release.AspNetCompiler.Updateable = "true"
		Release.AspNetCompiler.ForceOverwrite = "true"
		Release.AspNetCompiler.FixedNames = "false"
		Release.AspNetCompiler.Debug = "False"
	EndProjectSection
EndProject
Global
	GlobalSection(SolutionConfigurationPlatforms) = preSolution
		Debug|Any CPU = Debug|Any CPU
	EndGlobalSection
	GlobalSection(ProjectConfigurationPlatforms) = postSolution
		{17AEF7DF-A013-4ADD-A108-7566269F5751}.Debug|Any CPU.ActiveCfg = Debug|Any CPU
		{17AEF7DF-A013-4ADD-A108-7566269F5751}.Debug|Any CPU.Build.0 = Debug|Any CPU
	EndGlobalSection
	GlobalSection(SolutionProperties) = preSolution
		HideSolutionNode = FALSE
	EndGlobalSection
EndGlobal
